# THIS IS AN AUTOGENERATED FILE. DO NOT EDIT THIS FILE DIRECTLY.
# yarn lockfile v1


"uWebSockets.js@https://github.com/uNetworking/uWebSockets.js/archive/v19.2.0.tar.gz":
  version "19.2.0"
  resolved "https://github.com/uNetworking/uWebSockets.js/archive/v19.2.0.tar.gz#4870152d94b9fd3fb7d2736f0d54782df2b61b6c"
