{
  "name": "@dalisoft/docker-multistage-backend",
  "version": "0.0.0",
  "lockfileVersion": 1,
  "requires": true,
  "dependencies": {
    "@dalisoft/args": {
      "version": "0.1.1",
      "resolved": "https://registry.npmjs.org/@dalisoft/args/-/args-0.1.1.tgz",
      "integrity": "sha512-PwmLEhnTyK6+AUwD0oqS57nLs1vpB17vEDlMc1i27zH8mrtFJmBmYfQv4FszoUHDHv3PtFk8M0X9yWxry2TSwA=="
    },
    "@dalisoft/events": {
      "version": "0.2.0",
      "resolved": "https://registry.npmjs.org/@dalisoft/events/-/events-0.2.0.tgz",
      "integrity": "sha512-2NS/0vS9eL8ZxhgCVZQgPS4uoqbcSk9FN3G8Eqakcej7wOpH72z1kmDEDGI5T+MOp9IueKT2qI0XUdXhKeK9GA==",
      "requires": {
        "@dalisoft/args": "^0.1.1"
      }
    },
    "ajv": {
      "version": "6.12.6",
      "resolved": "https://registry.npmjs.org/ajv/-/ajv-6.12.6.tgz",
      "integrity": "sha512-j3fVLgvTo527anyYyJOGTYJbG+vnnQYvE0m5mmkc1TK+nxAppkCLMIL0aZ4dblVCNoGShhm+kzE4ZUykBoMg4g==",
      "requires": {
        "fast-deep-equal": "^3.1.1",
        "fast-json-stable-stringify": "^2.0.0",
        "json-schema-traverse": "^0.4.1",
        "uri-js": "^4.2.2"
      }
    },
    "busboy": {
      "version": "0.3.1",
      "resolved": "https://registry.npmjs.org/busboy/-/busboy-0.3.1.tgz",
      "integrity": "sha512-y7tTxhGKXcyBxRKAni+awqx8uqaJKrSFSNFSeRG5CsWNdmy2BIK+6VGWEW7TZnIO/533mtMEA4rOevQV815YJw==",
      "requires": {
        "dicer": "0.3.0"
      }
    },
    "cookie": {
      "version": "0.4.1",
      "resolved": "https://registry.npmjs.org/cookie/-/cookie-0.4.1.tgz",
      "integrity": "sha512-ZwrFkGJxUR3EIoXtO+yVE69Eb7KlixbaeAWfBQB9vVsNn/o+Yw69gBWSSDK825hQNdN+wF8zELf3dFNl/kxkUA=="
    },
    "deepmerge": {
      "version": "4.2.2",
      "resolved": "https://registry.npmjs.org/deepmerge/-/deepmerge-4.2.2.tgz",
      "integrity": "sha512-FJ3UgI4gIl+PHZm53knsuSFpE+nESMr7M4v9QcgB7S63Kj/6WqMiFQJpBBYz1Pt+66bZpP3Q7Lye0Oo9MPKEdg=="
    },
    "dicer": {
      "version": "0.3.0",
      "resolved": "https://registry.npmjs.org/dicer/-/dicer-0.3.0.tgz",
      "integrity": "sha512-MdceRRWqltEG2dZqO769g27N/3PXfcKl04VhYnBlo2YhH7zPi88VebsjTKclaOyiuMaGU72hTfw3VkUitGcVCA==",
      "requires": {
        "streamsearch": "0.1.2"
      }
    },
    "fast-deep-equal": {
      "version": "3.1.3",
      "resolved": "https://registry.npmjs.org/fast-deep-equal/-/fast-deep-equal-3.1.3.tgz",
      "integrity": "sha512-f3qQ9oQy9j2AhBe/H9VC91wLmKBCCU/gDOnKNAYG5hswO7BLKj09Hc5HYNz9cGI++xlpDCIgDaitVs03ATR84Q=="
    },
    "fast-json-stable-stringify": {
      "version": "2.1.0",
      "resolved": "https://registry.npmjs.org/fast-json-stable-stringify/-/fast-json-stable-stringify-2.1.0.tgz",
      "integrity": "sha512-lhd/wF+Lk98HZoTCtlVraHtfh5XYijIjalXck7saUtuanSDyLMxnHhSXEDJqHxD7msR8D0uCmqlkwjCV8xvwHw=="
    },
    "fast-json-stringify": {
      "version": "2.2.9",
      "resolved": "https://registry.npmjs.org/fast-json-stringify/-/fast-json-stringify-2.2.9.tgz",
      "integrity": "sha512-O8YmNoc7LnfSafVaTfa1yXVFT4UMsi/N7cYcNZw6w5D5tltyu6XGXvH45mvWfsrcFoSK+H0q0exGXsUqC18z/g==",
      "requires": {
        "ajv": "^6.11.0",
        "deepmerge": "^4.2.2",
        "string-similarity": "^4.0.1"
      }
    },
    "generate-function": {
      "version": "2.3.1",
      "resolved": "https://registry.npmjs.org/generate-function/-/generate-function-2.3.1.tgz",
      "integrity": "sha512-eeB5GfMNeevm/GRYq20ShmsaGcmI81kIX2K9XQx5miC8KdHaC6Jm0qQ8ZNeGOi7wYB8OsdxKs+Y2oVuTFuVwKQ==",
      "requires": {
        "is-property": "^1.0.2"
      }
    },
    "is-property": {
      "version": "1.0.2",
      "resolved": "https://registry.npmjs.org/is-property/-/is-property-1.0.2.tgz",
      "integrity": "sha1-V/4cTkhHTt1lsJkR8msc1Ald2oQ="
    },
    "json-schema-traverse": {
      "version": "0.4.1",
      "resolved": "https://registry.npmjs.org/json-schema-traverse/-/json-schema-traverse-0.4.1.tgz",
      "integrity": "sha512-xbbCH5dCYU5T8LcEhhuh7HJ88HXuW3qsI3Y0zOZFKfZEHcpWiHU/Jxzk629Brsab/mMiHQti9wMP+845RPe3Vg=="
    },
    "nanoexpress-pro": {
      "version": "2.2.4",
      "resolved": "https://registry.npmjs.org/nanoexpress-pro/-/nanoexpress-pro-2.2.4.tgz",
      "integrity": "sha512-EFUKxsXGyt4CeuAg6cIR69vKhfFtsJZgXGVF/Au8LYFuGUGZnawrxeTPJQg/QK53JcG9EP3N6hG1CIQ7T/eIgA==",
      "requires": {
        "@dalisoft/events": "^0.2.0",
        "ajv": "^6.12.2",
        "busboy": "^0.3.1",
        "cookie": "^0.4.1",
        "fast-json-stringify": "^2.2.3",
        "turbo-json-parse": "github:dalisoft/turbo-json-parse",
        "uWebSockets.js": "github:uNetworking/uWebSockets.js#v18.4.0"
      }
    },
    "punycode": {
      "version": "2.1.1",
      "resolved": "https://registry.npmjs.org/punycode/-/punycode-2.1.1.tgz",
      "integrity": "sha512-XRsRjdf+j5ml+y/6GKHPZbrF/8p2Yga0JPtdqTIY2Xe5ohJPD9saDJJLPvp9+NSBprVvevdXZybnj2cv8OEd0A=="
    },
    "streamsearch": {
      "version": "0.1.2",
      "resolved": "https://registry.npmjs.org/streamsearch/-/streamsearch-0.1.2.tgz",
      "integrity": "sha1-gIudDlb8Jz2Am6VzOOkpkZoanxo="
    },
    "string-similarity": {
      "version": "4.0.2",
      "resolved": "https://registry.npmjs.org/string-similarity/-/string-similarity-4.0.2.tgz",
      "integrity": "sha512-eCsPPyoQBgY4TMpVD6DVfO7pLrimUONriaO4Xjp3WPUW0YnNLqdHgRj23xotLlqrL90eJhBeq3zdAJf2mQgfBQ=="
    },
    "turbo-json-parse": {
      "version": "github:dalisoft/turbo-json-parse#d3d8b6017d2e6d0558943b0afe6d22ab428db7ea",
      "from": "github:dalisoft/turbo-json-parse",
      "requires": {
        "generate-function": "^2.3.1"
      }
    },
    "uWebSockets.js": {
      "version": "github:uNetworking/uWebSockets.js#3dbec7b56d627193e20705844b6bd10e49848b8c",
      "from": "github:uNetworking/uWebSockets.js#v18.4.0"
    },
    "uri-js": {
      "version": "4.4.0",
      "resolved": "https://registry.npmjs.org/uri-js/-/uri-js-4.4.0.tgz",
      "integrity": "sha512-B0yRTzYdUCCn9n+F4+Gh4yIDtMQcaJsmYBDsTSG8g/OejKBodLQ2IHfN3bM7jUsRXndopT7OIXWdYqc1fjmV6g==",
      "requires": {
        "punycode": "^2.1.0"
      }
    }
  }
}
