# THIS IS AN AUTOGENERATED FILE. DO NOT EDIT THIS FILE DIRECTLY.
# yarn lockfile v1


cookie@^0.4.1:
  version "0.4.1"
  resolved "https://registry.yarnpkg.com/cookie/-/cookie-0.4.1.tgz#afd713fe26ebd21ba95ceb61f9a8116e50a537d1"
  integrity sha512-ZwrFkGJxUR3EIoXtO+yVE69Eb7KlixbaeAWfBQB9vVsNn/o+Yw69gBWSSDK825hQNdN+wF8zELf3dFNl/kxkUA==

fast-decode-uri-component@^1.0.1:
  version "1.0.1"
  resolved "https://registry.yarnpkg.com/fast-decode-uri-component/-/fast-decode-uri-component-1.0.1.tgz#46f8b6c22b30ff7a81357d4f59abfae938202543"
  integrity sha512-WKgKWg5eUxvRZGwW8FvfbaH7AXSh2cL+3j5fMGzUMCxWBJ3dV3a7Wz8y2f/uQ0e3B6WmodD3oS54jTQ9HVTIIg==

fast-query-parse@^1.2.0:
  version "1.2.0"
  resolved "https://registry.yarnpkg.com/fast-query-parse/-/fast-query-parse-1.2.0.tgz#a7dffd0e9ccf9bdc83dfd4c11396f0ac0f98656d"
  integrity sha512-WG/7WRybzJLDow5ubKmhhYk5wHbiclPCS9OXSwqFvZAS5L2n7usuLzK+gQo+KmSVuQpjWzJZxsOWpYDMIAj5wg==
  dependencies:
    fast-decode-uri-component "^1.0.1"

nanoexpress@^8.0.0:
  version "8.0.0"
  resolved "https://registry.yarnpkg.com/nanoexpress/-/nanoexpress-8.0.0.tgz#4bfe722e28718e2d7735d81b17c4df4a8b0748b8"
  integrity sha512-+Yyqi/N/rwfm7fwJ0G9KoYSEa7BEAK0k45ZhOKvk+kufhx95ksRuL69tW9BRsdJme6cF7IMx9Gqo0zJojQC83g==
  dependencies:
    cookie "^0.4.1"
    fast-decode-uri-component "^1.0.1"
    fast-query-parse "^1.2.0"
    path-to-regexp "^6.2.0"
    uWebSockets.js "https://github.com/uNetworking/uWebSockets.js/archive/v19.2.0.tar.gz"

path-to-regexp@^6.2.0:
  version "6.2.0"
  resolved "https://registry.yarnpkg.com/path-to-regexp/-/path-to-regexp-6.2.0.tgz#f7b3803336104c346889adece614669230645f38"
  integrity sha512-f66KywYG6+43afgE/8j/GoiNyygk/bnoCbps++3ErRKsIYkGGupyv07R2Ok5m9i67Iqc+T2g1eAUGUPzWhYTyg==

"uWebSockets.js@https://github.com/uNetworking/uWebSockets.js/archive/v19.2.0.tar.gz":
  version "19.2.0"
  resolved "https://github.com/uNetworking/uWebSockets.js/archive/v19.2.0.tar.gz#4870152d94b9fd3fb7d2736f0d54782df2b61b6c"
